
Microsoft Visual Studio Solution File, Format Version 12.00
# Visual Studio Version 17
VisualStudioVersion = 17.4.33403.182
MinimumVisualStudioVersion = 10.0.40219.1
Project("{888888A0-9F3D-457C-B088-3A5042F75D52}") = "bankamatik", "bankamatik\bankamatik.pyproj", "{AF4B3F8B-EAAD-441C-9673-4AA29E844462}"
EndProject
Global
	GlobalSection(SolutionConfigurationPlatforms) = preSolution
		Debug|Any CPU = Debug|Any CPU
		Release|Any CPU = Release|Any CPU
	EndGlobalSection
	GlobalSection(ProjectConfigurationPlatforms) = postSolution
		{AF4B3F8B-EAAD-441C-9673-4AA29E844462}.Debug|Any CPU.ActiveCfg = Debug|Any CPU
		{AF4B3F8B-EAAD-441C-9673-4AA29E844462}.Release|Any CPU.ActiveCfg = Release|Any CPU
	EndGlobalSection
	GlobalSection(SolutionProperties) = preSolution
		HideSolutionNode = FALSE
	EndGlobalSection
	GlobalSection(ExtensibilityGlobals) = postSolution
		SolutionGuid = {C036F37F-17FC-47A4-BE06-87B2FB642B28}
	EndGlobalSection
EndGlobal
